# THIS IS AN AUTOGENERATED FILE. DO NOT EDIT THIS FILE DIRECTLY.
# yarn lockfile v1


ajv@^6.12.3:
  version "6.12.6"
  resolved "https://registry.yarnpkg.com/ajv/-/ajv-6.12.6.tgz#baf5a62e802b07d977034586f8c3baf5adf26df4"
  integrity sha512-j3fVLgvTo527anyYyJOGTYJbG+vnnQYvE0m5mmkc1TK+nxAppkCLMIL0aZ4dblVCNoGShhm+kzE4ZUykBoMg4g==
  dependencies:
    fast-deep-equal "^3.1.1"
    fast-json-stable-stringify "^2.0.0"
    json-schema-traverse "^0.4.1"
    uri-js "^4.2.2"

asn1@~0.2.3:
  version "0.2.3"
  resolved "https://registry.yarnpkg.com/asn1/-/asn1-0.2.3.tgz#dac8787713c9966849fc8180777ebe9c1ddf3b86"
  integrity sha1-2sh4dxPJlmhJ/IGAd36+nB3fO4Y=

assert-plus@1.0.0, assert-plus@^1.0.0:
  version "1.0.0"
  resolved "https://registry.yarnpkg.com/assert-plus/-/assert-plus-1.0.0.tgz#f12e0f3c5d77b0b1cdd9146942e4e96c1e4dd525"
  integrity sha1-8S4PPF13sLHN2RRpQuTpbB5N1SU=

asynckit@^0.4.0:
  version "0.4.0"
  resolved "https://registry.yarnpkg.com/asynckit/-/asynckit-0.4.0.tgz#c79ed97f7f34cb8f2ba1bc9790bcc366474b4b79"
  integrity sha1-x57Zf380y48robyXkLzDZkdLS3k=

aws-sign2@~0.7.0:
  version "0.7.0"
  resolved "https://registry.yarnpkg.com/aws-sign2/-/aws-sign2-0.7.0.tgz#b46e890934a9591f2d2f6f86d7e6a9f1b3fe76a8"
  integrity sha1-tG6JCTSpWR8tL2+G1+ap8bP+dqg=

aws4@^1.8.0:
  version "1.8.0"
  resolved "https://registry.yarnpkg.com/aws4/-/aws4-1.8.0.tgz#f0e003d9ca9e7f59c7a508945d7b2ef9a04a542f"
  integrity sha512-ReZxvNHIOv88FlT7rxcXIIC0fPt4KZqZbOlivyWtXLt8ESx84zd3kMC6iK5jVeS2qt+g7ftS7ye4fi06X5rtRQ==

balanced-match@^1.0.0:
  version "1.0.0"
  resolved "https://registry.yarnpkg.com/balanced-match/-/balanced-match-1.0.0.tgz#89b4d199ab2bee49de164ea02b89ce462d71b767"
  integrity sha1-ibTRmasr7kneFk6gK4nORi1xt2c=

bcrypt-pbkdf@^1.0.0:
  version "1.0.1"
  resolved "https://registry.yarnpkg.com/bcrypt-pbkdf/-/bcrypt-pbkdf-1.0.1.tgz#63bc5dcb61331b92bc05fd528953c33462a06f8d"
  integrity sha1-Y7xdy2EzG5K8Bf1SiVPDNGKgb40=
  dependencies:
    tweetnacl "^0.14.3"

bluebird-retry@^0.11.0:
  version "0.11.0"
  resolved "https://registry.yarnpkg.com/bluebird-retry/-/bluebird-retry-0.11.0.tgz#1289ab22cbbc3a02587baad35595351dd0c1c047"
  integrity sha1-EomrIsu8OgJYe6rTVZU1HdDBwEc=

bluebird@^3.5.0:
  version "3.5.1"
  resolved "https://registry.yarnpkg.com/bluebird/-/bluebird-3.5.1.tgz#d9551f9de98f1fcda1e683d17ee91a0602ee2eb9"
  integrity sha512-MKiLiV+I1AA596t9w1sQJ8jkiSr5+ZKi0WKrYGUn6d1Fx+Ij4tIj+m2WMQSGczs5jZVxV339chE8iwk6F64wjA==

boolbase@^1.0.0:
  version "1.0.0"
  resolved "https://registry.yarnpkg.com/boolbase/-/boolbase-1.0.0.tgz#68dff5fbe60c51eb37725ea9e3ed310dcc1e776e"
  integrity sha1-aN/1++YMUes3cl6p4+0xDcwed24=

brace-expansion@^1.1.7:
  version "1.1.11"
  resolved "https://registry.yarnpkg.com/brace-expansion/-/brace-expansion-1.1.11.tgz#3c7fcbf529d87226f3d2f52b966ff5271eb441dd"
  integrity sha512-iCuPHDFgrHX7H2vEI/5xpz07zSHB00TpugqhmYtVmMO6518mCuRMoOYFldEBl0g187ufozdaHgWKcYFb61qGiA==
  dependencies:
    balanced-match "^1.0.0"
    concat-map "0.0.1"

caseless@~0.12.0:
  version "0.12.0"
  resolved "https://registry.yarnpkg.com/caseless/-/caseless-0.12.0.tgz#1b681c21ff84033c826543090689420d187151dc"
  integrity sha1-G2gcIf+EAzyCZUMJBolCDRhxUdw=

cheerio-select@^1.4.0:
  version "1.5.0"
  resolved "https://registry.yarnpkg.com/cheerio-select/-/cheerio-select-1.5.0.tgz#faf3daeb31b17c5e1a9dabcee288aaf8aafa5823"
  integrity sha512-qocaHPv5ypefh6YNxvnbABM07KMxExbtbfuJoIie3iZXX1ERwYmJcIiRrr9H05ucQP1k28dav8rpdDgjQd8drg==
  dependencies:
    css-select "^4.1.3"
    css-what "^5.0.1"
    domelementtype "^2.2.0"
    domhandler "^4.2.0"
    domutils "^2.7.0"

cheerio@^1.0.0-rc.3:
  version "1.0.0-rc.9"
  resolved "https://registry.yarnpkg.com/cheerio/-/cheerio-1.0.0-rc.9.tgz#a3ae6b7ce7af80675302ff836f628e7cb786a67f"
  integrity sha512-QF6XVdrLONO6DXRF5iaolY+odmhj2CLj+xzNod7INPWMi/x9X4SOylH0S/vaPpX+AUU6t04s34SQNh7DbkuCng==
  dependencies:
    cheerio-select "^1.4.0"
    dom-serializer "^1.3.1"
    domhandler "^4.2.0"
    htmlparser2 "^6.1.0"
    parse5 "^6.0.1"
    parse5-htmlparser2-tree-adapter "^6.0.1"
    tslib "^2.2.0"

combined-stream@1.0.6:
  version "1.0.6"
  resolved "https://registry.yarnpkg.com/combined-stream/-/combined-stream-1.0.6.tgz#723e7df6e801ac5613113a7e445a9b69cb632818"
  integrity sha1-cj599ugBrFYTETp+RFqbactjKBg=
  dependencies:
    delayed-stream "~1.0.0"

combined-stream@~1.0.6:
  version "1.0.7"
  resolved "https://registry.yarnpkg.com/combined-stream/-/combined-stream-1.0.7.tgz#2d1d24317afb8abe95d6d2c0b07b57813539d828"
  integrity sha512-brWl9y6vOB1xYPZcpZde3N9zDByXTosAeMDo4p1wzo6UMOX4vumB+TP1RZ76sfE6Md68Q0NJSrE/gbezd4Ul+w==
  dependencies:
    delayed-stream "~1.0.0"

concat-map@0.0.1:
  version "0.0.1"
  resolved "https://registry.yarnpkg.com/concat-map/-/concat-map-0.0.1.tgz#d8a96bd77fd68df7793a73036a3ba0d5405d477b"
  integrity sha1-2Klr13/Wjfd5OnMDajug1UBdR3s=

core-util-is@1.0.2:
  version "1.0.2"
  resolved "https://registry.yarnpkg.com/core-util-is/-/core-util-is-1.0.2.tgz#b5fd54220aa2bc5ab57aab7140c940754503c1a7"
  integrity sha1-tf1UIgqivFq1eqtxQMlAdUUDwac=

cozy-konnector-link@*:
  version "1.0.4"
  resolved "https://registry.yarnpkg.com/cozy-konnector-link/-/cozy-konnector-link-1.0.4.tgz#eb3251c4b3697e2c58fe19d720b0d9f40aac6e1d"
  integrity sha512-anSgdqElLvZRz7kLyhgzSSSdfMVrl7ATpGTyB2vqFenK019oM9SCexsSfJBSdTXIg3lEqzXy04+i1SN40gkXFQ==
  dependencies:
    bluebird-retry "^0.11.0"
    cheerio "^1.0.0-rc.3"
    file-type "^12.3.0"
    request "^2.88.0"
    request-debug "^0.2.0"
    request-promise "^4.2.4"
    shelljs "^0.8.3"

css-select@^4.1.3:
  version "4.1.3"
  resolved "https://registry.yarnpkg.com/css-select/-/css-select-4.1.3.tgz#a70440f70317f2669118ad74ff105e65849c7067"
  integrity sha512-gT3wBNd9Nj49rAbmtFHj1cljIAOLYSX1nZ8CB7TBO3INYckygm5B7LISU/szY//YmdiSLbJvDLOx9VnMVpMBxA==
  dependencies:
    boolbase "^1.0.0"
    css-what "^5.0.0"
    domhandler "^4.2.0"
    domutils "^2.6.0"
    nth-check "^2.0.0"

css-what@^5.0.0, css-what@^5.0.1:
  version "5.0.1"
  resolved "https://registry.yarnpkg.com/css-what/-/css-what-5.0.1.tgz#3efa820131f4669a8ac2408f9c32e7c7de9f4cad"
  integrity sha512-FYDTSHb/7KXsWICVsxdmiExPjCfRC4qRFBdVwv7Ax9hMnvMmEjP9RfxTEZ3qPZGmADDn2vAKSo9UcN1jKVYscg==

dashdash@^1.12.0:
  version "1.14.1"
  resolved "https://registry.yarnpkg.com/dashdash/-/dashdash-1.14.1.tgz#853cfa0f7cbe2fed5de20326b8dd581035f6e2f0"
  integrity sha1-hTz6D3y+L+1d4gMmuN1YEDX24vA=
  dependencies:
    assert-plus "^1.0.0"

delayed-stream@~1.0.0:
  version "1.0.0"
  resolved "https://registry.yarnpkg.com/delayed-stream/-/delayed-stream-1.0.0.tgz#df3ae199acadfb7d440aaae0b29e2272b24ec619"
  integrity sha1-3zrhmayt+31ECqrgsp4icrJOxhk=

dom-serializer@^1.0.1, dom-serializer@^1.3.1:
  version "1.3.2"
  resolved "https://registry.yarnpkg.com/dom-serializer/-/dom-serializer-1.3.2.tgz#6206437d32ceefaec7161803230c7a20bc1b4d91"
  integrity sha512-5c54Bk5Dw4qAxNOI1pFEizPSjVsx5+bpJKmL2kPn8JhBUq2q09tTCa3mjijun2NfK78NMouDYNMBkOrPZiS+ig==
  dependencies:
    domelementtype "^2.0.1"
    domhandler "^4.2.0"
    entities "^2.0.0"

domelementtype@^2.0.1, domelementtype@^2.2.0:
  version "2.2.0"
  resolved "https://registry.yarnpkg.com/domelementtype/-/domelementtype-2.2.0.tgz#9a0b6c2782ed6a1c7323d42267183df9bd8b1d57"
  integrity sha512-DtBMo82pv1dFtUmHyr48beiuq792Sxohr+8Hm9zoxklYPfa6n0Z3Byjj2IV7bmr2IyqClnqEQhfgHJJ5QF0R5A==

domhandler@^4.0.0, domhandler@^4.2.0:
  version "4.2.0"
  resolved "https://registry.yarnpkg.com/domhandler/-/domhandler-4.2.0.tgz#f9768a5f034be60a89a27c2e4d0f74eba0d8b059"
  integrity sha512-zk7sgt970kzPks2Bf+dwT/PLzghLnsivb9CcxkvR8Mzr66Olr0Ofd8neSbglHJHaHa2MadfoSdNlKYAaafmWfA==
  dependencies:
    domelementtype "^2.2.0"

domutils@^2.5.2, domutils@^2.6.0, domutils@^2.7.0:
  version "2.7.0"
  resolved "https://registry.yarnpkg.com/domutils/-/domutils-2.7.0.tgz#8ebaf0c41ebafcf55b0b72ec31c56323712c5442"
  integrity sha512-8eaHa17IwJUPAiB+SoTYBo5mCdeMgdcAoXJ59m6DT1vw+5iLS3gNoqYaRowaBKtGVrOF1Jz4yDTgYKLK2kvfJg==
  dependencies:
    dom-serializer "^1.0.1"
    domelementtype "^2.2.0"
    domhandler "^4.2.0"

ecc-jsbn@~0.1.1:
  version "0.1.1"
  resolved "https://registry.yarnpkg.com/ecc-jsbn/-/ecc-jsbn-0.1.1.tgz#0fc73a9ed5f0d53c38193398523ef7e543777505"
  integrity sha1-D8c6ntXw1Tw4GTOYUj735UN3dQU=
  dependencies:
    jsbn "~0.1.0"

entities@^2.0.0:
  version "2.2.0"
  resolved "https://registry.yarnpkg.com/entities/-/entities-2.2.0.tgz#098dc90ebb83d8dffa089d55256b351d34c4da55"
  integrity sha512-p92if5Nz619I0w+akJrLZH0MX0Pb5DX39XOwQTtXSdQQOaYH03S1uIQp4mhOZtAXrxq4ViO67YTiLBo2638o9A==

extend@~3.0.2:
  version "3.0.2"
  resolved "https://registry.yarnpkg.com/extend/-/extend-3.0.2.tgz#f8b1136b4071fbd8eb140aff858b1019ec2915fa"
  integrity sha512-fjquC59cD7CyW6urNXK0FBufkZcoiGG80wTuPujX590cB5Ttln20E2UB4S/WARVqhXffZl2LNgS+gQdPIIim/g==

extsprintf@1.3.0:
  version "1.3.0"
  resolved "https://registry.yarnpkg.com/extsprintf/-/extsprintf-1.3.0.tgz#96918440e3041a7a414f8c52e3c574eb3c3e1e05"
  integrity sha1-lpGEQOMEGnpBT4xS48V06zw+HgU=

extsprintf@^1.2.0:
  version "1.4.0"
  resolved "https://registry.yarnpkg.com/extsprintf/-/extsprintf-1.4.0.tgz#e2689f8f356fad62cca65a3a91c5df5f9551692f"
  integrity sha1-4mifjzVvrWLMplo6kcXfX5VRaS8=

fast-deep-equal@^3.1.1:
  version "3.1.3"
  resolved "https://registry.yarnpkg.com/fast-deep-equal/-/fast-deep-equal-3.1.3.tgz#3a7d56b559d6cbc3eb512325244e619a65c6c525"
  integrity sha512-f3qQ9oQy9j2AhBe/H9VC91wLmKBCCU/gDOnKNAYG5hswO7BLKj09Hc5HYNz9cGI++xlpDCIgDaitVs03ATR84Q==

fast-json-stable-stringify@^2.0.0:
  version "2.0.0"
  resolved "https://registry.yarnpkg.com/fast-json-stable-stringify/-/fast-json-stable-stringify-2.0.0.tgz#d5142c0caee6b1189f87d3a76111064f86c8bbf2"
  integrity sha1-1RQsDK7msRifh9OnYREGT4bIu/I=

file-type@^12.3.0:
  version "12.4.2"
  resolved "https://registry.yarnpkg.com/file-type/-/file-type-12.4.2.tgz#a344ea5664a1d01447ee7fb1b635f72feb6169d9"
  integrity sha512-UssQP5ZgIOKelfsaB5CuGAL+Y+q7EmONuiwF3N5HAH0t27rvrttgi6Ra9k/+DVaY9UF6+ybxu5pOXLUdA8N7Vg==

forever-agent@~0.6.1:
  version "0.6.1"
  resolved "https://registry.yarnpkg.com/forever-agent/-/forever-agent-0.6.1.tgz#fbc71f0c41adeb37f96c577ad1ed42d8fdacca91"
  integrity sha1-+8cfDEGt6zf5bFd60e1C2P2sypE=

form-data@~2.3.2:
  version "2.3.2"
  resolved "https://registry.yarnpkg.com/form-data/-/form-data-2.3.2.tgz#4970498be604c20c005d4f5c23aecd21d6b49099"
  integrity sha1-SXBJi+YEwgwAXU9cI67NIda0kJk=
  dependencies:
    asynckit "^0.4.0"
    combined-stream "1.0.6"
    mime-types "^2.1.12"

fs.realpath@^1.0.0:
  version "1.0.0"
  resolved "https://registry.yarnpkg.com/fs.realpath/-/fs.realpath-1.0.0.tgz#1504ad2523158caa40db4a2787cb01411994ea4f"
  integrity sha1-FQStJSMVjKpA20onh8sBQRmU6k8=

function-bind@^1.1.1:
  version "1.1.1"
  resolved "https://registry.yarnpkg.com/function-bind/-/function-bind-1.1.1.tgz#a56899d3ea3c9bab874bb9773b7c5ede92f4895d"
  integrity sha512-yIovAzMX49sF8Yl58fSCWJ5svSLuaibPxXQJFLmBObTuCr0Mf1KiPopGM9NiFjiYBCbfaa2Fh6breQ6ANVTI0A==

getpass@^0.1.1:
  version "0.1.7"
  resolved "https://registry.yarnpkg.com/getpass/-/getpass-0.1.7.tgz#5eff8e3e684d569ae4cb2b1282604e8ba62149fa"
  integrity sha1-Xv+OPmhNVprkyysSgmBOi6YhSfo=
  dependencies:
    assert-plus "^1.0.0"

glob@^7.0.0:
  version "7.1.7"
  resolved "https://registry.yarnpkg.com/glob/-/glob-7.1.7.tgz#3b193e9233f01d42d0b3f78294bbeeb418f94a90"
  integrity sha512-OvD9ENzPLbegENnYP5UUfJIirTg4+XwMWGaQfQTY0JenxNvvIKP3U3/tAQSPIu/lHxXYSZmpXlUHeqAIdKzBLQ==
  dependencies:
    fs.realpath "^1.0.0"
    inflight "^1.0.4"
    inherits "2"
    minimatch "^3.0.4"
    once "^1.3.0"
    path-is-absolute "^1.0.0"

har-schema@^2.0.0:
  version "2.0.0"
  resolved "https://registry.yarnpkg.com/har-schema/-/har-schema-2.0.0.tgz#a94c2224ebcac04782a0d9035521f24735b7ec92"
  integrity sha1-qUwiJOvKwEeCoNkDVSHyRzW37JI=

har-validator@~5.1.3:
  version "5.1.5"
  resolved "https://registry.yarnpkg.com/har-validator/-/har-validator-5.1.5.tgz#1f0803b9f8cb20c0fa13822df1ecddb36bde1efd"
  integrity sha512-nmT2T0lljbxdQZfspsno9hgrG3Uir6Ks5afism62poxqBM6sDnMEuPmzTq8XN0OEwqKLLdh1jQI3qyE66Nzb3w==
  dependencies:
    ajv "^6.12.3"
    har-schema "^2.0.0"

has@^1.0.3:
  version "1.0.3"
  resolved "https://registry.yarnpkg.com/has/-/has-1.0.3.tgz#722d7cbfc1f6aa8241f16dd814e011e1f41e8796"
  integrity sha512-f2dvO0VU6Oej7RkWJGrehjbzMAjFp5/VKPp5tTpWIV4JHHZK1/BxbFRtf/siA2SWTe09caDmVtYYzWEIbBS4zw==
  dependencies:
    function-bind "^1.1.1"

htmlparser2@^6.1.0:
  version "6.1.0"
  resolved "https://registry.yarnpkg.com/htmlparser2/-/htmlparser2-6.1.0.tgz#c4d762b6c3371a05dbe65e94ae43a9f845fb8fb7"
  integrity sha512-gyyPk6rgonLFEDGoeRgQNaEUvdJ4ktTmmUh/h2t7s+M8oPpIPxgNACWa+6ESR57kXstwqPiCut0V8NRpcwgU7A==
  dependencies:
    domelementtype "^2.0.1"
    domhandler "^4.0.0"
    domutils "^2.5.2"
    entities "^2.0.0"

http-signature@~1.2.0:
  version "1.2.0"
  resolved "https://registry.yarnpkg.com/http-signature/-/http-signature-1.2.0.tgz#9aecd925114772f3d95b65a60abb8f7c18fbace1"
  integrity sha1-muzZJRFHcvPZW2WmCruPfBj7rOE=
  dependencies:
    assert-plus "^1.0.0"
    jsprim "^1.2.2"
    sshpk "^1.7.0"

inflight@^1.0.4:
  version "1.0.6"
  resolved "https://registry.yarnpkg.com/inflight/-/inflight-1.0.6.tgz#49bd6331d7d02d0c09bc910a1075ba8165b56df9"
  integrity sha1-Sb1jMdfQLQwJvJEKEHW6gWW1bfk=
  dependencies:
    once "^1.3.0"
    wrappy "1"

inherits@2:
  version "2.0.3"
  resolved "https://registry.yarnpkg.com/inherits/-/inherits-2.0.3.tgz#633c2c83e3da42a502f52466022480f4208261de"
  integrity sha1-Yzwsg+PaQqUC9SRmAiSA9CCCYd4=

interpret@^1.0.0:
  version "1.4.0"
  resolved "https://registry.yarnpkg.com/interpret/-/interpret-1.4.0.tgz#665ab8bc4da27a774a40584e812e3e0fa45b1a1e"
  integrity sha512-agE4QfB2Lkp9uICn7BAqoscw4SZP9kTE2hxiFI3jBPmXJfdqiahTbUuKGsMoN2GtqL9AxhYioAcVvgsb1HvRbA==

is-core-module@^2.2.0:
  version "2.4.0"
  resolved "https://registry.yarnpkg.com/is-core-module/-/is-core-module-2.4.0.tgz#8e9fc8e15027b011418026e98f0e6f4d86305cc1"
  integrity sha512-6A2fkfq1rfeQZjxrZJGerpLCTHRNEBiSgnu0+obeJpEPZRUooHgsizvzv0ZjJwOz3iWIHdJtVWJ/tmPr3D21/A==
  dependencies:
    has "^1.0.3"

is-typedarray@~1.0.0:
  version "1.0.0"
  resolved "https://registry.yarnpkg.com/is-typedarray/-/is-typedarray-1.0.0.tgz#e479c80858df0c1b11ddda6940f96011fcda4a9a"
  integrity sha1-5HnICFjfDBsR3dppQPlgEfzaSpo=

isstream@~0.1.2:
  version "0.1.2"
  resolved "https://registry.yarnpkg.com/isstream/-/isstream-0.1.2.tgz#47e63f7af55afa6f92e1500e690eb8b8529c099a"
  integrity sha1-R+Y/evVa+m+S4VAOaQ64uFKcCZo=

jsbn@~0.1.0:
  version "0.1.1"
  resolved "https://registry.yarnpkg.com/jsbn/-/jsbn-0.1.1.tgz#a5e654c2e5a2deb5f201d96cefbca80c0ef2f513"
  integrity sha1-peZUwuWi3rXyAdls77yoDA7y9RM=

json-schema-traverse@^0.4.1:
  version "0.4.1"
  resolved "https://registry.yarnpkg.com/json-schema-traverse/-/json-schema-traverse-0.4.1.tgz#69f6a87d9513ab8bb8fe63bdb0979c448e684660"
  integrity sha512-xbbCH5dCYU5T8LcEhhuh7HJ88HXuW3qsI3Y0zOZFKfZEHcpWiHU/Jxzk629Brsab/mMiHQti9wMP+845RPe3Vg==

json-schema@0.2.3:
  version "0.2.3"
  resolved "https://registry.yarnpkg.com/json-schema/-/json-schema-0.2.3.tgz#b480c892e59a2f05954ce727bd3f2a4e882f9e13"
  integrity sha1-tIDIkuWaLwWVTOcnvT8qTogvnhM=

json-stringify-safe@~5.0.1:
  version "5.0.1"
  resolved "https://registry.yarnpkg.com/json-stringify-safe/-/json-stringify-safe-5.0.1.tgz#1296a2d58fd45f19a0f6ce01d65701e2c735b6eb"
  integrity sha1-Epai1Y/UXxmg9s4B1lcB4sc1tus=

jsprim@^1.2.2:
  version "1.4.1"
  resolved "https://registry.yarnpkg.com/jsprim/-/jsprim-1.4.1.tgz#313e66bc1e5cc06e438bc1b7499c2e5c56acb6a2"
  integrity sha1-MT5mvB5cwG5Di8G3SZwuXFastqI=
  dependencies:
    assert-plus "1.0.0"
    extsprintf "1.3.0"
    json-schema "0.2.3"
    verror "1.10.0"

lodash@^4.17.19:
  version "4.17.21"
  resolved "https://registry.yarnpkg.com/lodash/-/lodash-4.17.21.tgz#679591c564c3bffaae8454cf0b3df370c3d6911c"
  integrity sha512-v2kDEe57lecTulaDIuNTPy3Ry4gLGJ6Z1O3vE1krgXZNrsQ+LFTGHVxVjcXPs17LhbZVGedAJv8XZ1tvj5FvSg==

mime-db@~1.33.0:
  version "1.33.0"
  resolved "https://registry.yarnpkg.com/mime-db/-/mime-db-1.33.0.tgz#a3492050a5cb9b63450541e39d9788d2272783db"
  integrity sha512-BHJ/EKruNIqJf/QahvxwQZXKygOQ256myeN/Ew+THcAa5q+PjyTTMMeNQC4DZw5AwfvelsUrA6B67NKMqXDbzQ==

mime-db@~1.36.0:
  version "1.36.0"
  resolved "https://registry.yarnpkg.com/mime-db/-/mime-db-1.36.0.tgz#5020478db3c7fe93aad7bbcc4dcf869c43363397"
  integrity sha512-L+xvyD9MkoYMXb1jAmzI/lWYAxAMCPvIBSWur0PZ5nOf5euahRLVqH//FKW9mWp2lkqUgYiXPgkzfMUFi4zVDw==

mime-types@^2.1.12:
  version "2.1.18"
  resolved "https://registry.yarnpkg.com/mime-types/-/mime-types-2.1.18.tgz#6f323f60a83d11146f831ff11fd66e2fe5503bb8"
  integrity sha512-lc/aahn+t4/SWV/qcmumYjymLsWfN3ELhpmVuUFjgsORruuZPVSwAQryq+HHGvO/SI2KVX26bx+En+zhM8g8hQ==
  dependencies:
    mime-db "~1.33.0"

mime-types@~2.1.19:
  version "2.1.20"
  resolved "https://registry.yarnpkg.com/mime-types/-/mime-types-2.1.20.tgz#930cb719d571e903738520f8470911548ca2cc19"
  integrity sha512-HrkrPaP9vGuWbLK1B1FfgAkbqNjIuy4eHlIYnFi7kamZyLLrGlo2mpcx0bBmNpKqBtYtAfGbodDddIgddSJC2A==
  dependencies:
    mime-db "~1.36.0"

minimatch@^3.0.4:
  version "3.0.4"
  resolved "https://registry.yarnpkg.com/minimatch/-/minimatch-3.0.4.tgz#5166e286457f03306064be5497e8dbb0c3d32083"
  integrity sha512-yJHVQEhyqPLUTgt9B83PXu6W3rx4MvvHvSUvToogpwoGDOUQ+yDrR0HRot+yOCdCO7u4hX3pWft6kWBBcqh0UA==
  dependencies:
    brace-expansion "^1.1.7"

nth-check@^2.0.0:
  version "2.0.0"
  resolved "https://registry.yarnpkg.com/nth-check/-/nth-check-2.0.0.tgz#1bb4f6dac70072fc313e8c9cd1417b5074c0a125"
  integrity sha512-i4sc/Kj8htBrAiH1viZ0TgU8Y5XqCaV/FziYK6TBczxmeKm3AEFWqqF3195yKudrarqy7Zu80Ra5dobFjn9X/Q==
  dependencies:
    boolbase "^1.0.0"

oauth-sign@~0.9.0:
  version "0.9.0"
  resolved "https://registry.yarnpkg.com/oauth-sign/-/oauth-sign-0.9.0.tgz#47a7b016baa68b5fa0ecf3dee08a85c679ac6455"
  integrity sha512-fexhUFFPTGV8ybAtSIGbV6gOkSv8UtRbDBnAyLQw4QPKkgNlsH2ByPGtMUqdWkos6YCRmAqViwgZrJc/mRDzZQ==

once@^1.3.0:
  version "1.4.0"
  resolved "https://registry.yarnpkg.com/once/-/once-1.4.0.tgz#583b1aa775961d4b113ac17d9c50baef9dd76bd1"
  integrity sha1-WDsap3WWHUsROsF9nFC6753Xa9E=
  dependencies:
    wrappy "1"

parse5-htmlparser2-tree-adapter@^6.0.1:
  version "6.0.1"
  resolved "https://registry.yarnpkg.com/parse5-htmlparser2-tree-adapter/-/parse5-htmlparser2-tree-adapter-6.0.1.tgz#2cdf9ad823321140370d4dbf5d3e92c7c8ddc6e6"
  integrity sha512-qPuWvbLgvDGilKc5BoicRovlT4MtYT6JfJyBOMDsKoiT+GiuP5qyrPCnR9HcPECIJJmZh5jRndyNThnhhb/vlA==
  dependencies:
    parse5 "^6.0.1"

parse5@^6.0.1:
  version "6.0.1"
  resolved "https://registry.yarnpkg.com/parse5/-/parse5-6.0.1.tgz#e1a1c085c569b3dc08321184f19a39cc27f7c30b"
  integrity sha512-Ofn/CTFzRGTTxwpNEs9PP93gXShHcTq255nzRYSKe8AkVpZY7e1fpmTfOyoIvjP5HG7Z2ZM7VS9PPhQGW2pOpw==

path-is-absolute@^1.0.0:
  version "1.0.1"
  resolved "https://registry.yarnpkg.com/path-is-absolute/-/path-is-absolute-1.0.1.tgz#174b9268735534ffbc7ace6bf53a5a9e1b5c5f5f"
  integrity sha1-F0uSaHNVNP+8es5r9TpanhtcX18=

path-parse@^1.0.6:
  version "1.0.7"
  resolved "https://registry.yarnpkg.com/path-parse/-/path-parse-1.0.7.tgz#fbc114b60ca42b30d9daf5858e4bd68bbedb6735"
  integrity sha512-LDJzPVEEEPR+y48z93A0Ed0yXb8pAByGWo/k5YYdYgpY2/2EsOsksJrq7lOHxryrVOn1ejG6oAp8ahvOIQD8sw==

performance-now@^2.1.0:
  version "2.1.0"
  resolved "https://registry.yarnpkg.com/performance-now/-/performance-now-2.1.0.tgz#6309f4e0e5fa913ec1c69307ae364b4b377c9e7b"
  integrity sha1-Ywn04OX6kT7BxpMHrjZLSzd8nns=

psl@^1.1.28:
  version "1.8.0"
  resolved "https://registry.yarnpkg.com/psl/-/psl-1.8.0.tgz#9326f8bcfb013adcc005fdff056acce020e51c24"
  integrity sha512-RIdOzyoavK+hA18OGGWDqUTsCLhtA7IcZ/6NCs4fFJaHBDab+pDDmDIByWFRQJq2Cd7r1OoQxBGKOaztq+hjIQ==

punycode@^2.1.0:
  version "2.1.0"
  resolved "https://registry.yarnpkg.com/punycode/-/punycode-2.1.0.tgz#5f863edc89b96db09074bad7947bf09056ca4e7d"
  integrity sha1-X4Y+3Im5bbCQdLrXlHvwkFbKTn0=

punycode@^2.1.1:
  version "2.1.1"
  resolved "https://registry.yarnpkg.com/punycode/-/punycode-2.1.1.tgz#b58b010ac40c22c5657616c8d2c2c02c7bf479ec"
  integrity sha512-XRsRjdf+j5ml+y/6GKHPZbrF/8p2Yga0JPtdqTIY2Xe5ohJPD9saDJJLPvp9+NSBprVvevdXZybnj2cv8OEd0A==

qs@~6.5.2:
  version "6.5.2"
  resolved "https://registry.yarnpkg.com/qs/-/qs-6.5.2.tgz#cb3ae806e8740444584ef154ce8ee98d403f3e36"
  integrity sha512-N5ZAX4/LxJmF+7wN74pUD6qAh9/wnvdQcjq9TZjevvXzSUo7bfmw91saqMjzGS2xq91/odN2dW/WOl7qQHNDGA==

rechoir@^0.6.2:
  version "0.6.2"
  resolved "https://registry.yarnpkg.com/rechoir/-/rechoir-0.6.2.tgz#85204b54dba82d5742e28c96756ef43af50e3384"
  integrity sha1-hSBLVNuoLVdC4oyWdW70OvUOM4Q=
  dependencies:
    resolve "^1.1.6"

request-debug@^0.2.0:
  version "0.2.0"
  resolved "https://registry.yarnpkg.com/request-debug/-/request-debug-0.2.0.tgz#fc054ec817181b04ca41a052c136f61c48abaf78"
  integrity sha1-/AVOyBcYGwTKQaBSwTb2HEirr3g=
  dependencies:
    stringify-clone "^1.0.0"

request-promise-core@1.1.4:
  version "1.1.4"
  resolved "https://registry.yarnpkg.com/request-promise-core/-/request-promise-core-1.1.4.tgz#3eedd4223208d419867b78ce815167d10593a22f"
  integrity sha512-TTbAfBBRdWD7aNNOoVOBH4pN/KigV6LyapYNNlAPA8JwbovRti1E88m3sYAwsLi5ryhPKsE9APwnjFTgdUjTpw==
  dependencies:
    lodash "^4.17.19"

request-promise@^4.2.4:
  version "4.2.6"
  resolved "https://registry.yarnpkg.com/request-promise/-/request-promise-4.2.6.tgz#7e7e5b9578630e6f598e3813c0f8eb342a27f0a2"
  integrity sha512-HCHI3DJJUakkOr8fNoCc73E5nU5bqITjOYFMDrKHYOXWXrgD/SBaC7LjwuPymUprRyuF06UK7hd/lMHkmUXglQ==
  dependencies:
    bluebird "^3.5.0"
    request-promise-core "1.1.4"
    stealthy-require "^1.1.1"
    tough-cookie "^2.3.3"

request@^2.88.0:
  version "2.88.2"
  resolved "https://registry.yarnpkg.com/request/-/request-2.88.2.tgz#d73c918731cb5a87da047e207234146f664d12b3"
  integrity sha512-MsvtOrfG9ZcrOwAW+Qi+F6HbD0CWXEh9ou77uOb7FM2WPhwT7smM833PzanhJLsgXjN89Ir6V2PczXNnMpwKhw==
  dependencies:
    aws-sign2 "~0.7.0"
    aws4 "^1.8.0"
    caseless "~0.12.0"
    combined-stream "~1.0.6"
    extend "~3.0.2"
    forever-agent "~0.6.1"
    form-data "~2.3.2"
    har-validator "~5.1.3"
    http-signature "~1.2.0"
    is-typedarray "~1.0.0"
    isstream "~0.1.2"
    json-stringify-safe "~5.0.1"
    mime-types "~2.1.19"
    oauth-sign "~0.9.0"
    performance-now "^2.1.0"
    qs "~6.5.2"
    safe-buffer "^5.1.2"
    tough-cookie "~2.5.0"
    tunnel-agent "^0.6.0"
    uuid "^3.3.2"

resolve@^1.1.6:
  version "1.20.0"
  resolved "https://registry.yarnpkg.com/resolve/-/resolve-1.20.0.tgz#629a013fb3f70755d6f0b7935cc1c2c5378b1975"
  integrity sha512-wENBPt4ySzg4ybFQW2TT1zMQucPK95HSh/nq2CFTZVOGut2+pQvSsgtda4d26YrYcr067wjbmzOG8byDPBX63A==
  dependencies:
    is-core-module "^2.2.0"
    path-parse "^1.0.6"

safe-buffer@^5.0.1:
  version "5.1.1"
  resolved "https://registry.yarnpkg.com/safe-buffer/-/safe-buffer-5.1.1.tgz#893312af69b2123def71f57889001671eeb2c853"
  integrity sha512-kKvNJn6Mm93gAczWVJg7wH+wGYWNrDHdWvpUmHyEsgCtIwwo3bqPtV4tR5tuPaUhTOo/kvhVwd8XwwOllGYkbg==

safe-buffer@^5.1.2:
  version "5.1.2"
  resolved "https://registry.yarnpkg.com/safe-buffer/-/safe-buffer-5.1.2.tgz#991ec69d296e0313747d59bdfd2b745c35f8828d"
  integrity sha512-Gd2UZBJDkXlY7GbJxfsE8/nvKkUEU1G38c1siN6QP6a9PT9MmHB8GnpscSmMJSoF8LOIrt8ud/wPtojys4G6+g==

shelljs@^0.8.3:
  version "0.8.4"
  resolved "https://registry.yarnpkg.com/shelljs/-/shelljs-0.8.4.tgz#de7684feeb767f8716b326078a8a00875890e3c2"
  integrity sha512-7gk3UZ9kOfPLIAbslLzyWeGiEqx9e3rxwZM0KE6EL8GlGwjym9Mrlx5/p33bWTu9YG6vcS4MBxYZDHYr5lr8BQ==
  dependencies:
    glob "^7.0.0"
    interpret "^1.0.0"
    rechoir "^0.6.2"

sshpk@^1.7.0:
  version "1.14.1"
  resolved "https://registry.yarnpkg.com/sshpk/-/sshpk-1.14.1.tgz#130f5975eddad963f1d56f92b9ac6c51fa9f83eb"
  integrity sha1-Ew9Zde3a2WPx1W+SuaxsUfqfg+s=
  dependencies:
    asn1 "~0.2.3"
    assert-plus "^1.0.0"
    dashdash "^1.12.0"
    getpass "^0.1.1"
  optionalDependencies:
    bcrypt-pbkdf "^1.0.0"
    ecc-jsbn "~0.1.1"
    jsbn "~0.1.0"
    tweetnacl "~0.14.0"

stealthy-require@^1.1.1:
  version "1.1.1"
  resolved "https://registry.yarnpkg.com/stealthy-require/-/stealthy-require-1.1.1.tgz#35b09875b4ff49f26a777e509b3090a3226bf24b"
  integrity sha1-NbCYdbT/SfJqd35QmzCQoyJr8ks=

stringify-clone@^1.0.0:
  version "1.1.1"
  resolved "https://registry.yarnpkg.com/stringify-clone/-/stringify-clone-1.1.1.tgz#309a235fb4ecfccd7d388dbe18ba904facaf433b"
  integrity sha1-MJojX7Ts/M19OI2+GLqQT6yvQzs=

tough-cookie@^2.3.3, tough-cookie@~2.5.0:
  version "2.5.0"
  resolved "https://registry.yarnpkg.com/tough-cookie/-/tough-cookie-2.5.0.tgz#cd9fb2a0aa1d5a12b473bd9fb96fa3dcff65ade2"
  integrity sha512-nlLsUzgm1kfLXSXfRZMc1KLAugd4hqJHDTvc2hDIwS3mZAfMEuMbc03SujMF+GEcpaX/qboeycw6iO8JwVv2+g==
  dependencies:
    psl "^1.1.28"
    punycode "^2.1.1"

tslib@^2.2.0:
  version "2.2.0"
  resolved "https://registry.yarnpkg.com/tslib/-/tslib-2.2.0.tgz#fb2c475977e35e241311ede2693cee1ec6698f5c"
  integrity sha512-gS9GVHRU+RGn5KQM2rllAlR3dU6m7AcpJKdtH8gFvQiC4Otgk98XnmMU+nZenHt/+VhnBPWwgrJsyrdcw6i23w==

tunnel-agent@^0.6.0:
  version "0.6.0"
  resolved "https://registry.yarnpkg.com/tunnel-agent/-/tunnel-agent-0.6.0.tgz#27a5dea06b36b04a0a9966774b290868f0fc40fd"
  integrity sha1-J6XeoGs2sEoKmWZ3SykIaPD8QP0=
  dependencies:
    safe-buffer "^5.0.1"

tweetnacl@^0.14.3, tweetnacl@~0.14.0:
  version "0.14.5"
  resolved "https://registry.yarnpkg.com/tweetnacl/-/tweetnacl-0.14.5.tgz#5ae68177f192d4456269d108afa93ff8743f4f64"
  integrity sha1-WuaBd/GS1EViadEIr6k/+HQ/T2Q=

uri-js@^4.2.2:
  version "4.2.2"
  resolved "https://registry.yarnpkg.com/uri-js/-/uri-js-4.2.2.tgz#94c540e1ff772956e2299507c010aea6c8838eb0"
  integrity sha512-KY9Frmirql91X2Qgjry0Wd4Y+YTdrdZheS8TFwvkbLWf/G5KNJDCh6pKL5OZctEW4+0Baa5idK2ZQuELRwPznQ==
  dependencies:
    punycode "^2.1.0"

uuid@^3.3.2:
  version "3.3.2"
  resolved "https://registry.yarnpkg.com/uuid/-/uuid-3.3.2.tgz#1b4af4955eb3077c501c23872fc6513811587131"
  integrity sha512-yXJmeNaw3DnnKAOKJE51sL/ZaYfWJRl1pK9dr19YFCu0ObS231AB1/LbqTKRAQ5kw8A90rA6fr4riOUpTZvQZA==

verror@1.10.0:
  version "1.10.0"
  resolved "https://registry.yarnpkg.com/verror/-/verror-1.10.0.tgz#3a105ca17053af55d6e270c1f8288682e18da400"
  integrity sha1-OhBcoXBTr1XW4nDB+CiGguGNpAA=
  dependencies:
    assert-plus "^1.0.0"
    core-util-is "1.0.2"
    extsprintf "^1.2.0"

wrappy@1:
  version "1.0.2"
  resolved "https://registry.yarnpkg.com/wrappy/-/wrappy-1.0.2.tgz#b5243d8f3ec1aa35f1364605bc0d1036e30ab69f"
  integrity sha1-tSQ9jz7BqjXxNkYFvA0QNuMKtp8=
